
Microsoft Visual Studio Solution File, Format Version 12.00
# Visual Studio 15
VisualStudioVersion = 15.0.28307.168
MinimumVisualStudioVersion = 10.0.40219.1
Project("{FAE04EC0-301F-11D3-BF4B-00C04F79EFBC}") = "lab1Grads", "lab1Grads\lab1Grads.csproj", "{B3DE2FE3-95B5-4E01-AE75-1AE7113FA4C5}"
EndProject
Global
	GlobalSection(SolutionConfigurationPlatforms) = preSolution
		Debug|Any CPU = Debug|Any CPU
		Release|Any CPU = Release|Any CPU
	EndGlobalSection
	GlobalSection(ProjectConfigurationPlatforms) = postSolution
		{B3DE2FE3-95B5-4E01-AE75-1AE7113FA4C5}.Debug|Any CPU.ActiveCfg = Debug|Any CPU
		{B3DE2FE3-95B5-4E01-AE75-1AE7113FA4C5}.Debug|Any CPU.Build.0 = Debug|Any CPU
		{B3DE2FE3-95B5-4E01-AE75-1AE7113FA4C5}.Release|Any CPU.ActiveCfg = Release|Any CPU
		{B3DE2FE3-95B5-4E01-AE75-1AE7113FA4C5}.Release|Any CPU.Build.0 = Release|Any CPU
	EndGlobalSection
	GlobalSection(SolutionProperties) = preSolution
		HideSolutionNode = FALSE
	EndGlobalSection
	GlobalSection(ExtensibilityGlobals) = postSolution
		SolutionGuid = {B8A5B9A2-CA3E-43C6-B137-2E537635A539}
	EndGlobalSection
EndGlobal
